
Microsoft Visual Studio Solution File, Format Version 12.00
# Visual Studio Version 16
VisualStudioVersion = 16.0.32002.261
MinimumVisualStudioVersion = 10.0.40219.1
Project("{FAE04EC0-301F-11D3-BF4B-00C04F79EFBC}") = "Mission12", "Mission12\Mission12.csproj", "{CA6A7F1D-E280-4157-B72D-A05FAB00077E}"
EndProject
Global
	GlobalSection(SolutionConfigurationPlatforms) = preSolution
		Debug|Any CPU = Debug|Any CPU
		Release|Any CPU = Release|Any CPU
	EndGlobalSection
	GlobalSection(ProjectConfigurationPlatforms) = postSolution
		{CA6A7F1D-E280-4157-B72D-A05FAB00077E}.Debug|Any CPU.ActiveCfg = Debug|Any CPU
		{CA6A7F1D-E280-4157-B72D-A05FAB00077E}.Debug|Any CPU.Build.0 = Debug|Any CPU
		{CA6A7F1D-E280-4157-B72D-A05FAB00077E}.Release|Any CPU.ActiveCfg = Release|Any CPU
		{CA6A7F1D-E280-4157-B72D-A05FAB00077E}.Release|Any CPU.Build.0 = Release|Any CPU
	EndGlobalSection
	GlobalSection(SolutionProperties) = preSolution
		HideSolutionNode = FALSE
	EndGlobalSection
	GlobalSection(ExtensibilityGlobals) = postSolution
		SolutionGuid = {B60876F1-0A88-47AF-9170-817B1D7A98C2}
	EndGlobalSection
EndGlobal
